
Microsoft Visual Studio Solution File, Format Version 12.00
# Visual Studio Version 17
VisualStudioVersion = 17.8.34511.84
MinimumVisualStudioVersion = 10.0.40219.1
Project("{8BC9CEB8-8B4A-11D0-8D11-00A0C91BC942}") = "MS56", "MS56.vcxproj", "{2CCA7E52-27A0-460E-B43C-A66D432CC602}"
EndProject
Global
	GlobalSection(SolutionConfigurationPlatforms) = preSolution
		Debug|x64 = Debug|x64
		Debug|x86 = Debug|x86
		Release|x64 = Release|x64
		Release|x86 = Release|x86
	EndGlobalSection
	GlobalSection(ProjectConfigurationPlatforms) = postSolution
		{2CCA7E52-27A0-460E-B43C-A66D432CC602}.Debug|x64.ActiveCfg = Debug|x64
		{2CCA7E52-27A0-460E-B43C-A66D432CC602}.Debug|x64.Build.0 = Debug|x64
		{2CCA7E52-27A0-460E-B43C-A66D432CC602}.Debug|x86.ActiveCfg = Debug|Win32
		{2CCA7E52-27A0-460E-B43C-A66D432CC602}.Debug|x86.Build.0 = Debug|Win32
		{2CCA7E52-27A0-460E-B43C-A66D432CC602}.Release|x64.ActiveCfg = Release|x64
		{2CCA7E52-27A0-460E-B43C-A66D432CC602}.Release|x64.Build.0 = Release|x64
		{2CCA7E52-27A0-460E-B43C-A66D432CC602}.Release|x86.ActiveCfg = Release|Win32
		{2CCA7E52-27A0-460E-B43C-A66D432CC602}.Release|x86.Build.0 = Release|Win32
	EndGlobalSection
	GlobalSection(SolutionProperties) = preSolution
		HideSolutionNode = FALSE
	EndGlobalSection
	GlobalSection(ExtensibilityGlobals) = postSolution
		SolutionGuid = {BB9067E4-4901-4249-B0C7-65C200F6997E}
	EndGlobalSection
EndGlobal
