
Microsoft Visual Studio Solution File, Format Version 12.00
# Visual Studio Version 17
VisualStudioVersion = 17.8.34511.84
MinimumVisualStudioVersion = 10.0.40219.1
Project("{8BC9CEB8-8B4A-11D0-8D11-00A0C91BC942}") = "Project1", "Project1.vcxproj", "{1904DC09-8C55-4A41-92D8-4545FC8AB47B}"
EndProject
Global
	GlobalSection(SolutionConfigurationPlatforms) = preSolution
		Debug|x64 = Debug|x64
		Debug|x86 = Debug|x86
		Release|x64 = Release|x64
		Release|x86 = Release|x86
	EndGlobalSection
	GlobalSection(ProjectConfigurationPlatforms) = postSolution
		{1904DC09-8C55-4A41-92D8-4545FC8AB47B}.Debug|x64.ActiveCfg = Debug|x64
		{1904DC09-8C55-4A41-92D8-4545FC8AB47B}.Debug|x64.Build.0 = Debug|x64
		{1904DC09-8C55-4A41-92D8-4545FC8AB47B}.Debug|x86.ActiveCfg = Debug|Win32
		{1904DC09-8C55-4A41-92D8-4545FC8AB47B}.Debug|x86.Build.0 = Debug|Win32
		{1904DC09-8C55-4A41-92D8-4545FC8AB47B}.Release|x64.ActiveCfg = Release|x64
		{1904DC09-8C55-4A41-92D8-4545FC8AB47B}.Release|x64.Build.0 = Release|x64
		{1904DC09-8C55-4A41-92D8-4545FC8AB47B}.Release|x86.ActiveCfg = Release|Win32
		{1904DC09-8C55-4A41-92D8-4545FC8AB47B}.Release|x86.Build.0 = Release|Win32
	EndGlobalSection
	GlobalSection(SolutionProperties) = preSolution
		HideSolutionNode = FALSE
	EndGlobalSection
	GlobalSection(ExtensibilityGlobals) = postSolution
		SolutionGuid = {C19D586D-8BF0-4407-8029-FC85BF0E2EA7}
	EndGlobalSection
EndGlobal
